
Microsoft Visual Studio Solution File, Format Version 12.00
# Visual Studio Version 16
VisualStudioVersion = 16.0.29503.13
MinimumVisualStudioVersion = 10.0.40219.1
Project("{FAE04EC0-301F-11D3-BF4B-00C04F79EFBC}") = "Pnprpg.Domain", "DomainService\Pnprpg.Domain.csproj", "{0A8D919A-03F6-4CA6-91E8-13C9F10522CE}"
EndProject
Project("{FAE04EC0-301F-11D3-BF4B-00C04F79EFBC}") = "Pnprpg.Infrastructure", "Infrastructure\Pnprpg.Infrastructure.csproj", "{70A97737-5C23-4A04-9E28-31390680B1D6}"
EndProject
Project("{FAE04EC0-301F-11D3-BF4B-00C04F79EFBC}") = "Pnprpg.DomainService", "Domain\Pnprpg.DomainService.csproj", "{793BE1C0-5456-4FFC-85B9-7CFE90435CDB}"
EndProject
Project("{FAE04EC0-301F-11D3-BF4B-00C04F79EFBC}") = "Pnprpg.Ioc", "Ioc\Pnprpg.Ioc.csproj", "{2BB5DE17-87EA-4C8E-9100-E19E498A7668}"
EndProject
Project("{2150E333-8FDC-42A3-9474-1A3956D46DE8}") = "3 Data Access", "3 Data Access", "{BA042CC5-44FC-4E77-AF73-A04DC7AE497E}"
EndProject
Project("{2150E333-8FDC-42A3-9474-1A3956D46DE8}") = "1 Presentation", "1 Presentation", "{72537406-8919-4983-9BB6-09B8E71FAAF3}"
EndProject
Project("{2150E333-8FDC-42A3-9474-1A3956D46DE8}") = "2 Logic", "2 Logic", "{3C5C648C-323E-4513-8DE9-695B80266844}"
EndProject
Project("{2150E333-8FDC-42A3-9474-1A3956D46DE8}") = "4 Testing", "4 Testing", "{40483271-7B86-41B1-98D1-1F59FCD31A97}"
EndProject
Project("{FAE04EC0-301F-11D3-BF4B-00C04F79EFBC}") = "FightBalancer", "FightBalancer\FightBalancer.csproj", "{8DFDD566-DFB2-424E-90A5-959856A89269}"
EndProject
Project("{9A19103F-16F7-4668-BE54-9A1E7A4F7556}") = "Pnprpg.WebCore", "Web\Pnprpg.WebCore.csproj", "{C47D1873-7A4C-46FD-BFC7-A6F133169425}"
EndProject
Project("{00D1A9C2-B5F0-4AF3-8072-F6C62B433612}") = "Database", "Database\Database.sqlproj", "{18EC2F31-762C-4BFA-A04E-B41122AF3102}"
EndProject
Global
	GlobalSection(SolutionConfigurationPlatforms) = preSolution
		Debug|Any CPU = Debug|Any CPU
		Release|Any CPU = Release|Any CPU
	EndGlobalSection
	GlobalSection(ProjectConfigurationPlatforms) = postSolution
		{0A8D919A-03F6-4CA6-91E8-13C9F10522CE}.Debug|Any CPU.ActiveCfg = Debug|Any CPU
		{0A8D919A-03F6-4CA6-91E8-13C9F10522CE}.Debug|Any CPU.Build.0 = Debug|Any CPU
		{0A8D919A-03F6-4CA6-91E8-13C9F10522CE}.Release|Any CPU.ActiveCfg = Release|Any CPU
		{0A8D919A-03F6-4CA6-91E8-13C9F10522CE}.Release|Any CPU.Build.0 = Release|Any CPU
		{70A97737-5C23-4A04-9E28-31390680B1D6}.Debug|Any CPU.ActiveCfg = Debug|Any CPU
		{70A97737-5C23-4A04-9E28-31390680B1D6}.Debug|Any CPU.Build.0 = Debug|Any CPU
		{70A97737-5C23-4A04-9E28-31390680B1D6}.Release|Any CPU.ActiveCfg = Release|Any CPU
		{70A97737-5C23-4A04-9E28-31390680B1D6}.Release|Any CPU.Build.0 = Release|Any CPU
		{793BE1C0-5456-4FFC-85B9-7CFE90435CDB}.Debug|Any CPU.ActiveCfg = Debug|Any CPU
		{793BE1C0-5456-4FFC-85B9-7CFE90435CDB}.Debug|Any CPU.Build.0 = Debug|Any CPU
		{793BE1C0-5456-4FFC-85B9-7CFE90435CDB}.Release|Any CPU.ActiveCfg = Release|Any CPU
		{793BE1C0-5456-4FFC-85B9-7CFE90435CDB}.Release|Any CPU.Build.0 = Release|Any CPU
		{2BB5DE17-87EA-4C8E-9100-E19E498A7668}.Debug|Any CPU.ActiveCfg = Debug|Any CPU
		{2BB5DE17-87EA-4C8E-9100-E19E498A7668}.Debug|Any CPU.Build.0 = Debug|Any CPU
		{2BB5DE17-87EA-4C8E-9100-E19E498A7668}.Release|Any CPU.ActiveCfg = Release|Any CPU
		{2BB5DE17-87EA-4C8E-9100-E19E498A7668}.Release|Any CPU.Build.0 = Release|Any CPU
		{8DFDD566-DFB2-424E-90A5-959856A89269}.Debug|Any CPU.ActiveCfg = Debug|Any CPU
		{8DFDD566-DFB2-424E-90A5-959856A89269}.Debug|Any CPU.Build.0 = Debug|Any CPU
		{8DFDD566-DFB2-424E-90A5-959856A89269}.Release|Any CPU.ActiveCfg = Release|Any CPU
		{8DFDD566-DFB2-424E-90A5-959856A89269}.Release|Any CPU.Build.0 = Release|Any CPU
		{C47D1873-7A4C-46FD-BFC7-A6F133169425}.Debug|Any CPU.ActiveCfg = Debug|Any CPU
		{C47D1873-7A4C-46FD-BFC7-A6F133169425}.Debug|Any CPU.Build.0 = Debug|Any CPU
		{C47D1873-7A4C-46FD-BFC7-A6F133169425}.Release|Any CPU.ActiveCfg = Release|Any CPU
		{C47D1873-7A4C-46FD-BFC7-A6F133169425}.Release|Any CPU.Build.0 = Release|Any CPU
		{18EC2F31-762C-4BFA-A04E-B41122AF3102}.Debug|Any CPU.ActiveCfg = Debug|Any CPU
		{18EC2F31-762C-4BFA-A04E-B41122AF3102}.Debug|Any CPU.Build.0 = Debug|Any CPU
		{18EC2F31-762C-4BFA-A04E-B41122AF3102}.Debug|Any CPU.Deploy.0 = Debug|Any CPU
		{18EC2F31-762C-4BFA-A04E-B41122AF3102}.Release|Any CPU.ActiveCfg = Release|Any CPU
		{18EC2F31-762C-4BFA-A04E-B41122AF3102}.Release|Any CPU.Build.0 = Release|Any CPU
		{18EC2F31-762C-4BFA-A04E-B41122AF3102}.Release|Any CPU.Deploy.0 = Release|Any CPU
	EndGlobalSection
	GlobalSection(SolutionProperties) = preSolution
		HideSolutionNode = FALSE
	EndGlobalSection
	GlobalSection(NestedProjects) = preSolution
		{0A8D919A-03F6-4CA6-91E8-13C9F10522CE} = {3C5C648C-323E-4513-8DE9-695B80266844}
		{70A97737-5C23-4A04-9E28-31390680B1D6} = {BA042CC5-44FC-4E77-AF73-A04DC7AE497E}
		{793BE1C0-5456-4FFC-85B9-7CFE90435CDB} = {3C5C648C-323E-4513-8DE9-695B80266844}
		{2BB5DE17-87EA-4C8E-9100-E19E498A7668} = {BA042CC5-44FC-4E77-AF73-A04DC7AE497E}
		{8DFDD566-DFB2-424E-90A5-959856A89269} = {40483271-7B86-41B1-98D1-1F59FCD31A97}
		{C47D1873-7A4C-46FD-BFC7-A6F133169425} = {72537406-8919-4983-9BB6-09B8E71FAAF3}
		{18EC2F31-762C-4BFA-A04E-B41122AF3102} = {BA042CC5-44FC-4E77-AF73-A04DC7AE497E}
	EndGlobalSection
	GlobalSection(ExtensibilityGlobals) = postSolution
		SolutionGuid = {03FCEBD1-19DB-4A0F-B1F1-CC1C064B8B62}
	EndGlobalSection
EndGlobal
